
Microsoft Visual Studio Solution File, Format Version 12.00
# Visual Studio Version 17
VisualStudioVersion = 17.10.35027.167
MinimumVisualStudioVersion = 10.0.40219.1
Project("{FAE04EC0-301F-11D3-BF4B-00C04F79EFBC}") = "stacks-and-queues", "stacks-and-queues\stacks-and-queues.csproj", "{2EB3A0CE-0536-42F3-B7AF-91AEFB93A522}"
EndProject
Global
	GlobalSection(SolutionConfigurationPlatforms) = preSolution
		Debug|Any CPU = Debug|Any CPU
		Release|Any CPU = Release|Any CPU
	EndGlobalSection
	GlobalSection(ProjectConfigurationPlatforms) = postSolution
		{2EB3A0CE-0536-42F3-B7AF-91AEFB93A522}.Debug|Any CPU.ActiveCfg = Debug|Any CPU
		{2EB3A0CE-0536-42F3-B7AF-91AEFB93A522}.Debug|Any CPU.Build.0 = Debug|Any CPU
		{2EB3A0CE-0536-42F3-B7AF-91AEFB93A522}.Release|Any CPU.ActiveCfg = Release|Any CPU
		{2EB3A0CE-0536-42F3-B7AF-91AEFB93A522}.Release|Any CPU.Build.0 = Release|Any CPU
	EndGlobalSection
	GlobalSection(SolutionProperties) = preSolution
		HideSolutionNode = FALSE
	EndGlobalSection
	GlobalSection(ExtensibilityGlobals) = postSolution
		SolutionGuid = {D4B24B10-3ADC-4166-8BB9-0FF367BD693E}
	EndGlobalSection
EndGlobal
